
Microsoft Visual Studio Solution File, Format Version 12.00
# Visual Studio Version 16
VisualStudioVersion = 16.0.29609.76
MinimumVisualStudioVersion = 10.0.40219.1
Project("{F184B08F-C81C-45F6-A57F-5ABD9991F28F}") = "StackOverflowProject", "StackOverflowProject\StackOverflowProject.vbproj", "{229E96D1-9DC0-4621-ADC1-9F64909F59A3}"
EndProject
Project("{FAE04EC0-301F-11D3-BF4B-00C04F79EFBC}") = "StackOverflowProject.DomainModels", "StackOverflowProject.DomainModels\StackOverflowProject.DomainModels.csproj", "{E7112E09-7092-48DB-B5D3-54F06C648F45}"
EndProject
Project("{FAE04EC0-301F-11D3-BF4B-00C04F79EFBC}") = "StackOverflowProject.ViewModels", "StackOverflowProject.ViewModels\StackOverflowProject.ViewModels.csproj", "{D3F22E56-D43C-47A8-830A-8D2FE286ECA2}"
EndProject
Project("{FAE04EC0-301F-11D3-BF4B-00C04F79EFBC}") = "StackOverflowProject.Repositeries", "StackOverflowProject.Repositeries\StackOverflowProject.Repositeries.csproj", "{7AFB08C9-DF33-4950-8341-C8A1749B2C90}"
EndProject
Project("{FAE04EC0-301F-11D3-BF4B-00C04F79EFBC}") = "StackOverflowProject.ServiceLayer", "StackOverflowProject.ServiceLayer\StackOverflowProject.ServiceLayer.csproj", "{652F0F96-00A1-4B27-819B-9924272EFC2F}"
EndProject
Global
	GlobalSection(SolutionConfigurationPlatforms) = preSolution
		Debug|Any CPU = Debug|Any CPU
		Release|Any CPU = Release|Any CPU
	EndGlobalSection
	GlobalSection(ProjectConfigurationPlatforms) = postSolution
		{229E96D1-9DC0-4621-ADC1-9F64909F59A3}.Debug|Any CPU.ActiveCfg = Debug|Any CPU
		{229E96D1-9DC0-4621-ADC1-9F64909F59A3}.Debug|Any CPU.Build.0 = Debug|Any CPU
		{229E96D1-9DC0-4621-ADC1-9F64909F59A3}.Release|Any CPU.ActiveCfg = Release|Any CPU
		{229E96D1-9DC0-4621-ADC1-9F64909F59A3}.Release|Any CPU.Build.0 = Release|Any CPU
		{E7112E09-7092-48DB-B5D3-54F06C648F45}.Debug|Any CPU.ActiveCfg = Debug|Any CPU
		{E7112E09-7092-48DB-B5D3-54F06C648F45}.Debug|Any CPU.Build.0 = Debug|Any CPU
		{E7112E09-7092-48DB-B5D3-54F06C648F45}.Release|Any CPU.ActiveCfg = Release|Any CPU
		{E7112E09-7092-48DB-B5D3-54F06C648F45}.Release|Any CPU.Build.0 = Release|Any CPU
		{D3F22E56-D43C-47A8-830A-8D2FE286ECA2}.Debug|Any CPU.ActiveCfg = Debug|Any CPU
		{D3F22E56-D43C-47A8-830A-8D2FE286ECA2}.Debug|Any CPU.Build.0 = Debug|Any CPU
		{D3F22E56-D43C-47A8-830A-8D2FE286ECA2}.Release|Any CPU.ActiveCfg = Release|Any CPU
		{D3F22E56-D43C-47A8-830A-8D2FE286ECA2}.Release|Any CPU.Build.0 = Release|Any CPU
		{7AFB08C9-DF33-4950-8341-C8A1749B2C90}.Debug|Any CPU.ActiveCfg = Debug|Any CPU
		{7AFB08C9-DF33-4950-8341-C8A1749B2C90}.Debug|Any CPU.Build.0 = Debug|Any CPU
		{7AFB08C9-DF33-4950-8341-C8A1749B2C90}.Release|Any CPU.ActiveCfg = Release|Any CPU
		{7AFB08C9-DF33-4950-8341-C8A1749B2C90}.Release|Any CPU.Build.0 = Release|Any CPU
		{652F0F96-00A1-4B27-819B-9924272EFC2F}.Debug|Any CPU.ActiveCfg = Debug|Any CPU
		{652F0F96-00A1-4B27-819B-9924272EFC2F}.Debug|Any CPU.Build.0 = Debug|Any CPU
		{652F0F96-00A1-4B27-819B-9924272EFC2F}.Release|Any CPU.ActiveCfg = Release|Any CPU
		{652F0F96-00A1-4B27-819B-9924272EFC2F}.Release|Any CPU.Build.0 = Release|Any CPU
	EndGlobalSection
	GlobalSection(SolutionProperties) = preSolution
		HideSolutionNode = FALSE
	EndGlobalSection
	GlobalSection(ExtensibilityGlobals) = postSolution
		SolutionGuid = {B6EB4A59-073F-4E4D-9285-7B33107631DC}
	EndGlobalSection
EndGlobal
